
Microsoft Visual Studio Solution File, Format Version 12.00
# Visual Studio Version 17
VisualStudioVersion = 17.5.33414.496
MinimumVisualStudioVersion = 10.0.40219.1
Project("{FAE04EC0-301F-11D3-BF4B-00C04F79EFBC}") = "ConsoleApp11", "ConsoleApp11\ConsoleApp11.csproj", "{CC2E3889-9BD3-4D5A-8618-7E701B5E2020}"
EndProject
Global
	GlobalSection(SolutionConfigurationPlatforms) = preSolution
		Debug|Any CPU = Debug|Any CPU
		Release|Any CPU = Release|Any CPU
	EndGlobalSection
	GlobalSection(ProjectConfigurationPlatforms) = postSolution
		{CC2E3889-9BD3-4D5A-8618-7E701B5E2020}.Debug|Any CPU.ActiveCfg = Debug|Any CPU
		{CC2E3889-9BD3-4D5A-8618-7E701B5E2020}.Debug|Any CPU.Build.0 = Debug|Any CPU
		{CC2E3889-9BD3-4D5A-8618-7E701B5E2020}.Release|Any CPU.ActiveCfg = Release|Any CPU
		{CC2E3889-9BD3-4D5A-8618-7E701B5E2020}.Release|Any CPU.Build.0 = Release|Any CPU
	EndGlobalSection
	GlobalSection(SolutionProperties) = preSolution
		HideSolutionNode = FALSE
	EndGlobalSection
	GlobalSection(ExtensibilityGlobals) = postSolution
		SolutionGuid = {A697EFEB-6A82-4DF5-9E18-9A78CE9C08A0}
	EndGlobalSection
EndGlobal
